
Microsoft Visual Studio Solution File, Format Version 12.00
# Visual Studio Version 17
VisualStudioVersion = 17.0.32112.339
MinimumVisualStudioVersion = 10.0.40219.1
Project("{FAE04EC0-301F-11D3-BF4B-00C04F79EFBC}") = "Timer", "Timer\Timer.csproj", "{F96F7A6A-30F7-4510-82A0-2FA9738DFA78}"
EndProject
Global
	GlobalSection(SolutionConfigurationPlatforms) = preSolution
		Debug|Any CPU = Debug|Any CPU
		Release|Any CPU = Release|Any CPU
	EndGlobalSection
	GlobalSection(ProjectConfigurationPlatforms) = postSolution
		{F96F7A6A-30F7-4510-82A0-2FA9738DFA78}.Debug|Any CPU.ActiveCfg = Debug|Any CPU
		{F96F7A6A-30F7-4510-82A0-2FA9738DFA78}.Debug|Any CPU.Build.0 = Debug|Any CPU
		{F96F7A6A-30F7-4510-82A0-2FA9738DFA78}.Release|Any CPU.ActiveCfg = Release|Any CPU
		{F96F7A6A-30F7-4510-82A0-2FA9738DFA78}.Release|Any CPU.Build.0 = Release|Any CPU
	EndGlobalSection
	GlobalSection(SolutionProperties) = preSolution
		HideSolutionNode = FALSE
	EndGlobalSection
	GlobalSection(ExtensibilityGlobals) = postSolution
		SolutionGuid = {4E64F592-E6EF-4DEC-887A-6B062C5AC9A9}
	EndGlobalSection
EndGlobal
